testId1:
  is_contain: true
  search_key: <div class="shipMethods">
  is_not_found: false
testId2:
  search_key: <div class="shipMethods">
  is_not_found: false
testId3:
  search_key: <div class="shipMethods">
  is_not_found: false
testId4:
  search_key: <div class="shipMethods">
  is_not_found: false